<?xml version="1.0" encoding="utf-8"?>
<Project ToolsVersion="4.0" xmlns="http://schemas.microsoft.com/developer/msbuild/2003">
  <ItemGroup>
    <Filter Include="Source Files">
      <UniqueIdentifier>{4FC737F1-C7A5-4376-A066-2A32D752A2FF}</UniqueIdentifier>
      <Extensions>cpp;c;cc;cxx;def;odl;idl;hpj;bat;asm;asmx</Extensions>
    </Filter>
    <Filter Include="Source Files\Prerequisites">
      <UniqueIdentifier>{92b8b948-158d-4713-ab51-e8298abda497}</UniqueIdentifier>
    </Filter>
    <Filter Include="Source Files\Localization">
      <UniqueIdentifier>{7d2a40c8-f26a-4707-9b40-33bc5cb98038}</UniqueIdentifier>
    </Filter>
    <Filter Include="Source Files\CoreThread">
      <UniqueIdentifier>{572d585e-945d-4ef0-be0c-51914fdc98dc}</UniqueIdentifier>
    </Filter>
    <Filter Include="Source Files\Resources">
      <UniqueIdentifier>{5c853ea4-d994-4e1f-81e9-a70ce5809b0c}</UniqueIdentifier>
    </Filter>
    <Filter Include="Source Files\Scene">
      <UniqueIdentifier>{0f7b9a1e-6659-4cae-8fb7-fe01560644bb}</UniqueIdentifier>
    </Filter>
    <Filter Include="Source Files\Utilities">
      <UniqueIdentifier>{5e7eb5d7-8fa6-4686-9642-243e7f7f3b48}</UniqueIdentifier>
    </Filter>
    <Filter Include="Source Files\RTTI">
      <UniqueIdentifier>{3adc3033-b375-4554-b719-11cd73715fb4}</UniqueIdentifier>
    </Filter>
    <Filter Include="Source Files\Managers">
      <UniqueIdentifier>{9591c317-ad73-4460-9252-41e9390a3f43}</UniqueIdentifier>
    </Filter>
    <Filter Include="Source Files\RenderAPI">
      <UniqueIdentifier>{8d0551a3-2125-45c6-88bf-d234f487c961}</UniqueIdentifier>
    </Filter>
    <Filter Include="Source Files\Platform">
      <UniqueIdentifier>{8bd4377f-4318-47f8-b7eb-c31963126448}</UniqueIdentifier>
    </Filter>
    <Filter Include="Source Files\Image">
      <UniqueIdentifier>{c2114049-b375-4fd1-8784-af74141bd77e}</UniqueIdentifier>
    </Filter>
  </ItemGroup>
  <ItemGroup>
    <ClInclude Include="Include\gePrerequisitesCore.h">
      <Filter>Source Files\Prerequisites</Filter>
    </ClInclude>
    <ClInclude Include="Include\geHString.h">
      <Filter>Source Files\Localization</Filter>
    </ClInclude>
    <ClInclude Include="Include\geStringTableManager.h">
      <Filter>Source Files\Localization</Filter>
    </ClInclude>
    <ClInclude Include="Include\geCoreObjectCore.h">
      <Filter>Source Files\CoreThread</Filter>
    </ClInclude>
    <ClInclude Include="Include\geStringTable.h">
      <Filter>Source Files\Localization</Filter>
    </ClInclude>
    <ClInclude Include="Include\geResourceHandle.h">
      <Filter>Source Files\Resources</Filter>
    </ClInclude>
    <ClInclude Include="Include\geGameObjectHandle.h">
      <Filter>Source Files\Scene</Filter>
    </ClInclude>
    <ClInclude Include="Include\geDeferredCallManager.h">
      <Filter>Source Files\Utilities</Filter>
    </ClInclude>
    <ClInclude Include="Include\geCommonTypes.h">
      <Filter>Source Files\Utilities</Filter>
    </ClInclude>
    <ClInclude Include="Include\geResourceMetaData.h">
      <Filter>Source Files\Resources</Filter>
    </ClInclude>
    <ClInclude Include="Include\geResourceRTTI.h">
      <Filter>Source Files\RTTI</Filter>
    </ClInclude>
    <ClInclude Include="Include\geResource.h">
      <Filter>Source Files\Resources</Filter>
    </ClInclude>
    <ClInclude Include="Include\geResourceMetaDataRTTI.h">
      <Filter>Source Files\RTTI</Filter>
    </ClInclude>
    <ClInclude Include="Include\geCoreObject.h">
      <Filter>Source Files\CoreThread</Filter>
    </ClInclude>
    <ClInclude Include="Include\geCommandQueue.h">
      <Filter>Source Files\CoreThread</Filter>
    </ClInclude>
    <ClInclude Include="Include\geCoreThread.h">
      <Filter>Source Files\CoreThread</Filter>
    </ClInclude>
    <ClInclude Include="Include\geCoreThreadQueue.h">
      <Filter>Source Files\CoreThread</Filter>
    </ClInclude>
    <ClInclude Include="Include\geResourceHandleRTTI.h">
      <Filter>Source Files\RTTI</Filter>
    </ClInclude>
    <ClInclude Include="Include\geResourceManifest.h">
      <Filter>Source Files\Resources</Filter>
    </ClInclude>
    <ClInclude Include="Include\geResources.h">
      <Filter>Source Files\Resources</Filter>
    </ClInclude>
    <ClInclude Include="Include\geIResourceListener.h">
      <Filter>Source Files\Resources</Filter>
    </ClInclude>
    <ClInclude Include="Include\geResourceListenerManager.h">
      <Filter>Source Files\Managers</Filter>
    </ClInclude>
    <ClInclude Include="Include\geUtility.h">
      <Filter>Source Files\Utilities</Filter>
    </ClInclude>
    <ClInclude Include="Include\geSavedResourceData.h">
      <Filter>Source Files\Resources</Filter>
    </ClInclude>
    <ClInclude Include="Include\geSavedResourceDataRTTI.h">
      <Filter>Source Files\RTTI</Filter>
    </ClInclude>
    <ClInclude Include="Include\geStringTableRTTI.h">
      <Filter>Source Files\RTTI</Filter>
    </ClInclude>
    <ClInclude Include="Include\geCoreObjectManager.h">
      <Filter>Source Files\CoreThread</Filter>
    </ClInclude>
    <ClInclude Include="Include\geGPUResourceData.h">
      <Filter>Source Files\Resources</Filter>
    </ClInclude>
    <ClInclude Include="Include\geGPUResourceDataRTTI.h">
      <Filter>Source Files\RTTI</Filter>
    </ClInclude>
    <ClInclude Include="Include\geResourceManifestRTTI.h">
      <Filter>Source Files\RTTI</Filter>
    </ClInclude>
    <ClInclude Include="Include\geGameObject.h">
      <Filter>Source Files\Scene</Filter>
    </ClInclude>
    <ClInclude Include="Include\geGameObjectRTTI.h">
      <Filter>Source Files\RTTI</Filter>
    </ClInclude>
    <ClInclude Include="Include\geGameObjectManager.h">
      <Filter>Source Files\Scene</Filter>
    </ClInclude>
    <ClInclude Include="Include\geGameObjectHandleRTTI.h">
      <Filter>Source Files\RTTI</Filter>
    </ClInclude>
    <ClInclude Include="Include\geComponent.h">
      <Filter>Source Files\Scene</Filter>
    </ClInclude>
    <ClInclude Include="Include\geComponentRTTI.h">
      <Filter>Source Files\RTTI</Filter>
    </ClInclude>
    <ClInclude Include="Include\geSceneObject.h">
      <Filter>Source Files\Scene</Filter>
    </ClInclude>
    <ClInclude Include="Include\geSceneObjectRTTI.h">
      <Filter>Source Files\RTTI</Filter>
    </ClInclude>
    <ClInclude Include="Include\geSceneActor.h">
      <Filter>Source Files\Scene</Filter>
    </ClInclude>
    <ClInclude Include="Include\gePrefabDiff.h">
      <Filter>Source Files\Scene</Filter>
    </ClInclude>
    <ClInclude Include="Include\gePrefabDiffRTTI.h">
      <Filter>Source Files\RTTI</Filter>
    </ClInclude>
    <ClInclude Include="Include\gePrefabUtility.h">
      <Filter>Source Files\Scene</Filter>
    </ClInclude>
    <ClInclude Include="Include\gePrefab.h">
      <Filter>Source Files\Scene</Filter>
    </ClInclude>
    <ClInclude Include="Include\gePrefabRTTI.h">
      <Filter>Source Files\RTTI</Filter>
    </ClInclude>
    <ClInclude Include="Include\geSceneManager.h">
      <Filter>Source Files\Scene</Filter>
    </ClInclude>
    <ClInclude Include="Include\geVideoModeInfo.h">
      <Filter>Source Files\RenderAPI</Filter>
    </ClInclude>
    <ClInclude Include="Include\geRenderAPIFactory.h">
      <Filter>Source Files\Managers</Filter>
    </ClInclude>
    <ClInclude Include="Include\geRenderAPIManager.h">
      <Filter>Source Files\Managers</Filter>
    </ClInclude>
    <ClInclude Include="Include\gePixelVolume.h">
      <Filter>Source Files\Image</Filter>
    </ClInclude>
    <ClInclude Include="Include\geDropTarget.h">
      <Filter>Source Files\Platform</Filter>
    </ClInclude>
    <ClInclude Include="Include\geFolderMonitor.h">
      <Filter>Source Files\Platform</Filter>
    </ClInclude>
    <ClInclude Include="Include\gePixelData.h">
      <Filter>Source Files\Image</Filter>
    </ClInclude>
    <ClInclude Include="Include\geTexture.h">
      <Filter>Source Files\Image</Filter>
    </ClInclude>
    <ClInclude Include="Include\geViewport.h">
      <Filter>Source Files\RenderAPI</Filter>
    </ClInclude>
    <ClInclude Include="Include\geViewportRTTI.h">
      <Filter>Source Files\RTTI</Filter>
    </ClInclude>
    <ClInclude Include="Include\geRenderTarget.h">
      <Filter>Source Files\RenderAPI</Filter>
    </ClInclude>
    <ClInclude Include="Include\gePixelUtil.h">
      <Filter>Source Files\Image</Filter>
    </ClInclude>
    <ClInclude Include="Include\gePixelDataRTTI.h">
      <Filter>Source Files\RTTI</Filter>
    </ClInclude>
    <ClInclude Include="Include\geHardwareBuffer.h">
      <Filter>Source Files\RenderAPI</Filter>
    </ClInclude>
    <ClInclude Include="Include\geTextureView.h">
      <Filter>Source Files\RenderAPI</Filter>
    </ClInclude>
    <ClInclude Include="Include\geTextureRTTI.h">
      <Filter>Source Files\RTTI</Filter>
    </ClInclude>
    <ClInclude Include="Include\geRenderTexture.h">
      <Filter>Source Files\RenderAPI</Filter>
    </ClInclude>
    <ClInclude Include="Include\geTextureManager.h">
      <Filter>Source Files\Managers</Filter>
    </ClInclude>
    <ClInclude Include="Include\geRenderAPI.h">
      <Filter>Source Files\RenderAPI</Filter>
    </ClInclude>
    <ClInclude Include="Include\geVertexDeclaration.h">
      <Filter>Source Files\RenderAPI</Filter>
    </ClInclude>
    <ClInclude Include="Include\geGPUParam.h">
      <Filter>Source Files\RenderAPI</Filter>
    </ClInclude>
    <ClInclude Include="Include\geRenderWindow.h">
      <Filter>Source Files\RenderAPI</Filter>
    </ClInclude>
  </ItemGroup>
  <ItemGroup>
    <ClCompile Include="Source\geHString.cpp">
      <Filter>Source Files\Localization</Filter>
    </ClCompile>
    <ClCompile Include="Source\geStringTableManager.cpp">
      <Filter>Source Files\Localization</Filter>
    </ClCompile>
    <ClCompile Include="Source\geCoreObjectCore.cpp">
      <Filter>Source Files\CoreThread</Filter>
    </ClCompile>
    <ClCompile Include="Source\geStringTable.cpp">
      <Filter>Source Files\Localization</Filter>
    </ClCompile>
    <ClCompile Include="Source\geResourceHandle.cpp">
      <Filter>Source Files\Resources</Filter>
    </ClCompile>
    <ClCompile Include="Source\geDeferredCallManager.cpp">
      <Filter>Source Files\Utilities</Filter>
    </ClCompile>
    <ClCompile Include="Source\geResourceMetaData.cpp">
      <Filter>Source Files\Resources</Filter>
    </ClCompile>
    <ClCompile Include="Source\geResource.cpp">
      <Filter>Source Files\Resources</Filter>
    </ClCompile>
    <ClCompile Include="Source\geCommandQueue.cpp">
      <Filter>Source Files\CoreThread</Filter>
    </ClCompile>
    <ClCompile Include="Source\geCoreThread.cpp">
      <Filter>Source Files\CoreThread</Filter>
    </ClCompile>
    <ClCompile Include="Source\geCoreThreadQueue.cpp">
      <Filter>Source Files\CoreThread</Filter>
    </ClCompile>
    <ClCompile Include="Source\geResourceManifest.cpp">
      <Filter>Source Files\Resources</Filter>
    </ClCompile>
    <ClCompile Include="Source\geResources.cpp">
      <Filter>Source Files\Resources</Filter>
    </ClCompile>
    <ClCompile Include="Source\geIResourceListener.cpp">
      <Filter>Source Files\Resources</Filter>
    </ClCompile>
    <ClCompile Include="Source\geResourceListenerManager.cpp">
      <Filter>Source Files\Managers</Filter>
    </ClCompile>
    <ClCompile Include="Source\geUtility.cpp">
      <Filter>Source Files\Utilities</Filter>
    </ClCompile>
    <ClCompile Include="Source\geSavedResourceData.cpp">
      <Filter>Source Files\Resources</Filter>
    </ClCompile>
    <ClCompile Include="Source\geCoreObjectManager.cpp">
      <Filter>Source Files\CoreThread</Filter>
    </ClCompile>
    <ClCompile Include="Source\geCoreObject.cpp">
      <Filter>Source Files\CoreThread</Filter>
    </ClCompile>
    <ClCompile Include="Source\geGPUResourceData.cpp">
      <Filter>Source Files\Resources</Filter>
    </ClCompile>
    <ClCompile Include="Source\geGameObject.cpp">
      <Filter>Source Files\Scene</Filter>
    </ClCompile>
    <ClCompile Include="Source\geGameObjectManager.cpp">
      <Filter>Source Files\Scene</Filter>
    </ClCompile>
    <ClCompile Include="Source\geGameObjectHandle.cpp">
      <Filter>Source Files\Scene</Filter>
    </ClCompile>
    <ClCompile Include="Source\geComponent.cpp">
      <Filter>Source Files\Scene</Filter>
    </ClCompile>
    <ClCompile Include="Source\geSceneObject.cpp">
      <Filter>Source Files\Scene</Filter>
    </ClCompile>
    <ClCompile Include="Source\geSceneActor.cpp">
      <Filter>Source Files\Scene</Filter>
    </ClCompile>
    <ClCompile Include="Source\gePrefabDiff.cpp">
      <Filter>Source Files\Scene</Filter>
    </ClCompile>
    <ClCompile Include="Source\gePrefabUtility.cpp">
      <Filter>Source Files\Scene</Filter>
    </ClCompile>
    <ClCompile Include="Source\gePrefab.cpp">
      <Filter>Source Files\Scene</Filter>
    </ClCompile>
    <ClCompile Include="Source\geSceneManager.cpp">
      <Filter>Source Files\Scene</Filter>
    </ClCompile>
    <ClCompile Include="Source\geVideoModeInfo.cpp">
      <Filter>Source Files\RenderAPI</Filter>
    </ClCompile>
    <ClCompile Include="Source\geRenderAPIManager.cpp">
      <Filter>Source Files\Managers</Filter>
    </ClCompile>
    <ClCompile Include="Source\geDropTarget.cpp">
      <Filter>Source Files\Platform</Filter>
    </ClCompile>
    <ClCompile Include="Source\geViewport.cpp">
      <Filter>Source Files\RenderAPI</Filter>
    </ClCompile>
    <ClCompile Include="Source\geRenderTarget.cpp">
      <Filter>Source Files\RenderAPI</Filter>
    </ClCompile>
    <ClCompile Include="Source\gePixelUtil.cpp">
      <Filter>Source Files\Image</Filter>
    </ClCompile>
    <ClCompile Include="Source\gePixelData.cpp">
      <Filter>Source Files\Image</Filter>
    </ClCompile>
    <ClCompile Include="Source\geTexture.cpp">
      <Filter>Source Files\Image</Filter>
    </ClCompile>
    <ClCompile Include="Source\geTextureView.cpp">
      <Filter>Source Files\RenderAPI</Filter>
    </ClCompile>
    <ClCompile Include="Source\geRenderTexture.cpp">
      <Filter>Source Files\RenderAPI</Filter>
    </ClCompile>
    <ClCompile Include="Source\geTextureManager.cpp">
      <Filter>Source Files\Managers</Filter>
    </ClCompile>
    <ClCompile Include="Source\geRenderAPI.cpp">
      <Filter>Source Files\RenderAPI</Filter>
    </ClCompile>
    <ClCompile Include="Source\geGPUParam.cpp">
      <Filter>Source Files\RenderAPI</Filter>
    </ClCompile>
    <ClCompile Include="Source\geRenderWindow.cpp">
      <Filter>Source Files\RenderAPI</Filter>
    </ClCompile>
  </ItemGroup>
</Project>