<?xml version="1.0" encoding="utf-8"?>
<Project ToolsVersion="4.0" xmlns="http://schemas.microsoft.com/developer/msbuild/2003">
  <ItemGroup>
    <Filter Include="Source Files">
      <UniqueIdentifier>{4FC737F1-C7A5-4376-A066-2A32D752A2FF}</UniqueIdentifier>
      <Extensions>cpp;c;cc;cxx;def;odl;idl;hpj;bat;asm;asmx</Extensions>
    </Filter>
    <Filter Include="Source Files\Prerequisites">
      <UniqueIdentifier>{92b8b948-158d-4713-ab51-e8298abda497}</UniqueIdentifier>
    </Filter>
    <Filter Include="Source Files\Localization">
      <UniqueIdentifier>{7d2a40c8-f26a-4707-9b40-33bc5cb98038}</UniqueIdentifier>
    </Filter>
    <Filter Include="Source Files\CoreThread">
      <UniqueIdentifier>{572d585e-945d-4ef0-be0c-51914fdc98dc}</UniqueIdentifier>
    </Filter>
    <Filter Include="Source Files\Resources">
      <UniqueIdentifier>{5c853ea4-d994-4e1f-81e9-a70ce5809b0c}</UniqueIdentifier>
    </Filter>
    <Filter Include="Source Files\Scene">
      <UniqueIdentifier>{0f7b9a1e-6659-4cae-8fb7-fe01560644bb}</UniqueIdentifier>
    </Filter>
    <Filter Include="Source Files\Utilities">
      <UniqueIdentifier>{5e7eb5d7-8fa6-4686-9642-243e7f7f3b48}</UniqueIdentifier>
    </Filter>
    <Filter Include="Source Files\RTTI">
      <UniqueIdentifier>{3adc3033-b375-4554-b719-11cd73715fb4}</UniqueIdentifier>
    </Filter>
    <Filter Include="Source Files\Managers">
      <UniqueIdentifier>{9591c317-ad73-4460-9252-41e9390a3f43}</UniqueIdentifier>
    </Filter>
  </ItemGroup>
  <ItemGroup>
    <ClInclude Include="Include\gePrerequisitesCore.h">
      <Filter>Source Files\Prerequisites</Filter>
    </ClInclude>
    <ClInclude Include="Include\geHString.h">
      <Filter>Source Files\Localization</Filter>
    </ClInclude>
    <ClInclude Include="Include\geStringTableManager.h">
      <Filter>Source Files\Localization</Filter>
    </ClInclude>
    <ClInclude Include="Include\geCoreObjectCore.h">
      <Filter>Source Files\CoreThread</Filter>
    </ClInclude>
    <ClInclude Include="Include\geStringTable.h">
      <Filter>Source Files\Localization</Filter>
    </ClInclude>
    <ClInclude Include="Include\geResourceHandle.h">
      <Filter>Source Files\Resources</Filter>
    </ClInclude>
    <ClInclude Include="Include\geGameObjectHandle.h">
      <Filter>Source Files\Scene</Filter>
    </ClInclude>
    <ClInclude Include="Include\geDeferredCallManager.h">
      <Filter>Source Files\Utilities</Filter>
    </ClInclude>
    <ClInclude Include="Include\geCommonTypes.h">
      <Filter>Source Files\Utilities</Filter>
    </ClInclude>
    <ClInclude Include="Include\geResourceMetaData.h">
      <Filter>Source Files\Resources</Filter>
    </ClInclude>
    <ClInclude Include="Include\geResourceRTTI.h">
      <Filter>Source Files\RTTI</Filter>
    </ClInclude>
    <ClInclude Include="Include\geResource.h">
      <Filter>Source Files\Resources</Filter>
    </ClInclude>
    <ClInclude Include="Include\geResourceMetaDataRTTI.h">
      <Filter>Source Files\RTTI</Filter>
    </ClInclude>
    <ClInclude Include="Include\geCoreObject.h">
      <Filter>Source Files\CoreThread</Filter>
    </ClInclude>
    <ClInclude Include="Include\geCommandQueue.h">
      <Filter>Source Files\CoreThread</Filter>
    </ClInclude>
    <ClInclude Include="Include\geCoreThread.h">
      <Filter>Source Files\CoreThread</Filter>
    </ClInclude>
    <ClInclude Include="Include\geCoreThreadQueue.h">
      <Filter>Source Files\CoreThread</Filter>
    </ClInclude>
    <ClInclude Include="Include\geResourceHandleRTTI.h">
      <Filter>Source Files\RTTI</Filter>
    </ClInclude>
    <ClInclude Include="Include\geResourceManifest.h">
      <Filter>Source Files\Resources</Filter>
    </ClInclude>
    <ClInclude Include="Include\geResources.h">
      <Filter>Source Files\Resources</Filter>
    </ClInclude>
    <ClInclude Include="Include\geIResourceListener.h">
      <Filter>Source Files\Resources</Filter>
    </ClInclude>
    <ClInclude Include="Include\geResourceListenerManager.h">
      <Filter>Source Files\Managers</Filter>
    </ClInclude>
    <ClInclude Include="Include\geUtility.h">
      <Filter>Source Files\Utilities</Filter>
    </ClInclude>
    <ClInclude Include="Include\geSavedResourceData.h">
      <Filter>Source Files\Resources</Filter>
    </ClInclude>
    <ClInclude Include="Include\geSavedResourceDataRTTI.h">
      <Filter>Source Files\RTTI</Filter>
    </ClInclude>
    <ClInclude Include="Include\geStringTableRTTI.h">
      <Filter>Source Files\RTTI</Filter>
    </ClInclude>
    <ClInclude Include="Include\geCoreObjectManager.h">
      <Filter>Source Files\CoreThread</Filter>
    </ClInclude>
    <ClInclude Include="Include\geGPUResourceData.h">
      <Filter>Source Files\Resources</Filter>
    </ClInclude>
    <ClInclude Include="Include\geGPUResourceDataRTTI.h">
      <Filter>Source Files\RTTI</Filter>
    </ClInclude>
    <ClInclude Include="Include\geResourceManifestRTTI.h">
      <Filter>Source Files\RTTI</Filter>
    </ClInclude>
    <ClInclude Include="Include\geGameObject.h">
      <Filter>Source Files\Scene</Filter>
    </ClInclude>
    <ClInclude Include="Include\geGameObjectRTTI.h">
      <Filter>Source Files\RTTI</Filter>
    </ClInclude>
    <ClInclude Include="Include\geGameObjectManager.h">
      <Filter>Source Files\Scene</Filter>
    </ClInclude>
    <ClInclude Include="Include\geGameObjectHandleRTTI.h">
      <Filter>Source Files\RTTI</Filter>
    </ClInclude>
    <ClInclude Include="Include\geComponent.h">
      <Filter>Source Files\Scene</Filter>
    </ClInclude>
    <ClInclude Include="Include\geComponentRTTI.h">
      <Filter>Source Files\RTTI</Filter>
    </ClInclude>
  </ItemGroup>
  <ItemGroup>
    <ClCompile Include="Source\geHString.cpp">
      <Filter>Source Files\Localization</Filter>
    </ClCompile>
    <ClCompile Include="Source\geStringTableManager.cpp">
      <Filter>Source Files\Localization</Filter>
    </ClCompile>
    <ClCompile Include="Source\geCoreObjectCore.cpp">
      <Filter>Source Files\CoreThread</Filter>
    </ClCompile>
    <ClCompile Include="Source\geStringTable.cpp">
      <Filter>Source Files\Localization</Filter>
    </ClCompile>
    <ClCompile Include="Source\geResourceHandle.cpp">
      <Filter>Source Files\Resources</Filter>
    </ClCompile>
    <ClCompile Include="Source\geDeferredCallManager.cpp">
      <Filter>Source Files\Utilities</Filter>
    </ClCompile>
    <ClCompile Include="Source\geResourceMetaData.cpp">
      <Filter>Source Files\Resources</Filter>
    </ClCompile>
    <ClCompile Include="Source\geResource.cpp">
      <Filter>Source Files\Resources</Filter>
    </ClCompile>
    <ClCompile Include="Source\geCommandQueue.cpp">
      <Filter>Source Files\CoreThread</Filter>
    </ClCompile>
    <ClCompile Include="Source\geCoreThread.cpp">
      <Filter>Source Files\CoreThread</Filter>
    </ClCompile>
    <ClCompile Include="Source\geCoreThreadQueue.cpp">
      <Filter>Source Files\CoreThread</Filter>
    </ClCompile>
    <ClCompile Include="Source\geResourceManifest.cpp">
      <Filter>Source Files\Resources</Filter>
    </ClCompile>
    <ClCompile Include="Source\geResources.cpp">
      <Filter>Source Files\Resources</Filter>
    </ClCompile>
    <ClCompile Include="Source\geIResourceListener.cpp">
      <Filter>Source Files\Resources</Filter>
    </ClCompile>
    <ClCompile Include="Source\geResourceListenerManager.cpp">
      <Filter>Source Files\Managers</Filter>
    </ClCompile>
    <ClCompile Include="Source\geUtility.cpp">
      <Filter>Source Files\Utilities</Filter>
    </ClCompile>
    <ClCompile Include="Source\geSavedResourceData.cpp">
      <Filter>Source Files\Resources</Filter>
    </ClCompile>
    <ClCompile Include="Source\geCoreObjectManager.cpp">
      <Filter>Source Files\CoreThread</Filter>
    </ClCompile>
    <ClCompile Include="Source\geCoreObject.cpp">
      <Filter>Source Files\CoreThread</Filter>
    </ClCompile>
    <ClCompile Include="Source\geGPUResourceData.cpp">
      <Filter>Source Files\Resources</Filter>
    </ClCompile>
    <ClCompile Include="Source\geGameObject.cpp">
      <Filter>Source Files\Scene</Filter>
    </ClCompile>
    <ClCompile Include="Source\geGameObjectManager.cpp">
      <Filter>Source Files\Scene</Filter>
    </ClCompile>
    <ClCompile Include="Source\geGameObjectHandle.cpp">
      <Filter>Source Files\Scene</Filter>
    </ClCompile>
    <ClCompile Include="Source\geComponent.cpp">
      <Filter>Source Files\Scene</Filter>
    </ClCompile>
  </ItemGroup>
</Project>