<?xml version="1.0" encoding="utf-8"?>
<Project ToolsVersion="4.0" xmlns="http://schemas.microsoft.com/developer/msbuild/2003">
  <ItemGroup>
    <Filter Include="Source Files">
      <UniqueIdentifier>{4FC737F1-C7A5-4376-A066-2A32D752A2FF}</UniqueIdentifier>
      <Extensions>cpp;c;cc;cxx;def;odl;idl;hpj;bat;asm;asmx</Extensions>
    </Filter>
    <Filter Include="Source Files\Managers">
      <UniqueIdentifier>{47d60525-c398-4d57-9708-ef5b364c1569}</UniqueIdentifier>
    </Filter>
  </ItemGroup>
  <ItemGroup>
    <ClCompile Include="Source\geD3D11DriverList.cpp">
      <Filter>Source Files</Filter>
    </ClCompile>
    <ClCompile Include="Source\geD3D11Driver.cpp">
      <Filter>Source Files</Filter>
    </ClCompile>
    <ClCompile Include="Source\geD3D11RenderAPI.cpp">
      <Filter>Source Files</Filter>
    </ClCompile>
    <ClCompile Include="Source\geD3D11VideoModeInfo.cpp">
      <Filter>Source Files</Filter>
    </ClCompile>
    <ClCompile Include="Source\geD3D11Device.cpp">
      <Filter>Source Files</Filter>
    </ClCompile>
    <ClCompile Include="Source\geD3D11RenderAPIFactory.cpp">
      <Filter>Source Files</Filter>
    </ClCompile>
    <ClCompile Include="Source\geD3D11Plugin.cpp">
      <Filter>Source Files</Filter>
    </ClCompile>
    <ClCompile Include="Source\geD3D11CommandBuffer.cpp">
      <Filter>Source Files</Filter>
    </ClCompile>
    <ClCompile Include="Source\geD3D11EventQuery.cpp">
      <Filter>Source Files</Filter>
    </ClCompile>
    <ClCompile Include="Source\geD3D11CommandBufferManager.cpp">
      <Filter>Source Files\Managers</Filter>
    </ClCompile>
    <ClCompile Include="Source\geD3D11TimerQuery.cpp">
      <Filter>Source Files</Filter>
    </ClCompile>
    <ClCompile Include="Source\geD3D11OcclusionQuery.cpp">
      <Filter>Source Files</Filter>
    </ClCompile>
    <ClCompile Include="Source\geD3D11QueryManager.cpp">
      <Filter>Source Files\Managers</Filter>
    </ClCompile>
    <ClCompile Include="Source\geD3D11BlendState.cpp">
      <Filter>Source Files</Filter>
    </ClCompile>
    <ClCompile Include="Source\geD3D11Mappings.cpp">
      <Filter>Source Files</Filter>
    </ClCompile>
    <ClCompile Include="Source\geD3D11TextureView.cpp">
      <Filter>Source Files</Filter>
    </ClCompile>
    <ClCompile Include="Source\geD3D11Texture.cpp">
      <Filter>Source Files</Filter>
    </ClCompile>
    <ClCompile Include="Source\geD3D11RenderTexture.cpp">
      <Filter>Source Files</Filter>
    </ClCompile>
    <ClCompile Include="Source\geD3D11TextureManager.cpp">
      <Filter>Source Files\Managers</Filter>
    </ClCompile>
    <ClCompile Include="Source\geD3D11VertexBuffer.cpp">
      <Filter>Source Files</Filter>
    </ClCompile>
    <ClCompile Include="Source\geD3D11IndexBuffer.cpp">
      <Filter>Source Files</Filter>
    </ClCompile>
    <ClCompile Include="Source\geD3D11HardwareBuffer.cpp">
      <Filter>Source Files</Filter>
    </ClCompile>
    <ClCompile Include="Source\geD3D11GPUBufferView.cpp">
      <Filter>Source Files</Filter>
    </ClCompile>
    <ClCompile Include="Source\geD3D11GPUBuffer.cpp">
      <Filter>Source Files</Filter>
    </ClCompile>
    <ClCompile Include="Source\geD3D11GPUParamBlockBuffer.cpp">
      <Filter>Source Files</Filter>
    </ClCompile>
    <ClCompile Include="Source\geD3D11HardwareBufferManager.cpp">
      <Filter>Source Files\Managers</Filter>
    </ClCompile>
    <ClCompile Include="Source\geD3D11RasterizerState.cpp">
      <Filter>Source Files</Filter>
    </ClCompile>
    <ClCompile Include="Source\geD3D11DepthStencilState.cpp">
      <Filter>Source Files</Filter>
    </ClCompile>
    <ClCompile Include="Source\geD3D11SamplerState.cpp">
      <Filter>Source Files</Filter>
    </ClCompile>
    <ClCompile Include="Source\geD3D11RenderStateManager.cpp">
      <Filter>Source Files\Managers</Filter>
    </ClCompile>
    <ClCompile Include="Source\geD3D11GPUProgram.cpp">
      <Filter>Source Files</Filter>
    </ClCompile>
  </ItemGroup>
  <ItemGroup>
    <ClInclude Include="Include\geD3D11DriverList.h">
      <Filter>Source Files</Filter>
    </ClInclude>
    <ClInclude Include="Include\geD3D11Driver.h">
      <Filter>Source Files</Filter>
    </ClInclude>
    <ClInclude Include="Include\gePrerequisitesD3D11.h">
      <Filter>Source Files</Filter>
    </ClInclude>
    <ClInclude Include="Include\geD3D11RenderAPI.h">
      <Filter>Source Files</Filter>
    </ClInclude>
    <ClInclude Include="Include\geD3D11VideoModeInfo.h">
      <Filter>Source Files</Filter>
    </ClInclude>
    <ClInclude Include="Include\geD3D11Device.h">
      <Filter>Source Files</Filter>
    </ClInclude>
    <ClInclude Include="Include\geD3D11RenderAPIFactory.h">
      <Filter>Source Files</Filter>
    </ClInclude>
    <ClInclude Include="Include\geD3D11CommandBuffer.h">
      <Filter>Source Files</Filter>
    </ClInclude>
    <ClInclude Include="Include\geD3D11EventQuery.h">
      <Filter>Source Files</Filter>
    </ClInclude>
    <ClInclude Include="Include\geD3D11CommandBufferManager.h">
      <Filter>Source Files\Managers</Filter>
    </ClInclude>
    <ClInclude Include="Include\geD3D11TimerQuery.h">
      <Filter>Source Files</Filter>
    </ClInclude>
    <ClInclude Include="Include\geD3D11OcclusionQuery.h">
      <Filter>Source Files</Filter>
    </ClInclude>
    <ClInclude Include="Include\geD3D11QueryManager.h">
      <Filter>Source Files\Managers</Filter>
    </ClInclude>
    <ClInclude Include="Include\geD3D11BlendState.h">
      <Filter>Source Files</Filter>
    </ClInclude>
    <ClInclude Include="Include\geD3D11Mappings.h">
      <Filter>Source Files</Filter>
    </ClInclude>
    <ClInclude Include="Include\geD3D11TextureView.h">
      <Filter>Source Files</Filter>
    </ClInclude>
    <ClInclude Include="Include\geD3D11Texture.h">
      <Filter>Source Files</Filter>
    </ClInclude>
    <ClInclude Include="Include\geD3D11RenderTexture.h">
      <Filter>Source Files</Filter>
    </ClInclude>
    <ClInclude Include="Include\geD3D11TextureManager.h">
      <Filter>Source Files\Managers</Filter>
    </ClInclude>
    <ClInclude Include="Include\geD3D11VertexBuffer.h">
      <Filter>Source Files</Filter>
    </ClInclude>
    <ClInclude Include="Include\geD3D11IndexBuffer.h">
      <Filter>Source Files</Filter>
    </ClInclude>
    <ClInclude Include="Include\geD3D11HardwareBuffer.h">
      <Filter>Source Files</Filter>
    </ClInclude>
    <ClInclude Include="Include\geD3D11GPUBufferView.h">
      <Filter>Source Files</Filter>
    </ClInclude>
    <ClInclude Include="Include\geD3D11GPUBuffer.h">
      <Filter>Source Files</Filter>
    </ClInclude>
    <ClInclude Include="Include\geD3D11GPUParamBlockBuffer.h">
      <Filter>Source Files</Filter>
    </ClInclude>
    <ClInclude Include="Include\geD3D11HardwareBufferManager.h">
      <Filter>Source Files\Managers</Filter>
    </ClInclude>
    <ClInclude Include="Include\geD3D11RasterizerState.h">
      <Filter>Source Files</Filter>
    </ClInclude>
    <ClInclude Include="Include\geD3D11DepthStencilState.h">
      <Filter>Source Files</Filter>
    </ClInclude>
    <ClInclude Include="Include\geD3D11SamplerState.h">
      <Filter>Source Files</Filter>
    </ClInclude>
    <ClInclude Include="Include\geD3D11RenderStateManager.h">
      <Filter>Source Files\Managers</Filter>
    </ClInclude>
    <ClInclude Include="Include\geD3D11GPUProgram.h">
      <Filter>Source Files</Filter>
    </ClInclude>
  </ItemGroup>
</Project>